<?xml version="1.0" encoding="utf-8"?>
<Project ToolsVersion="15.0" xmlns="http://schemas.microsoft.com/developer/msbuild/2003">
  <ItemGroup>
    <ClCompile Include="G:\proj\Engines\Night Heron\Night Heron Engine\Dependencies\glslang-master\OGLCompilersDLL\InitializeDll.cpp">
      <Filter>Source</Filter>
    </ClCompile>
  </ItemGroup>
  <ItemGroup>
    <ClInclude Include="G:\proj\Engines\Night Heron\Night Heron Engine\Dependencies\glslang-master\OGLCompilersDLL\InitializeDll.h">
      <Filter>Source</Filter>
    </ClInclude>
  </ItemGroup>
  <ItemGroup>
    <CustomBuild Include="G:\proj\Engines\Night Heron\Night Heron Engine\Dependencies\glslang-master\OGLCompilersDLL\CMakeLists.txt" />
  </ItemGroup>
  <ItemGroup>
    <Filter Include="Source">
      <UniqueIdentifier>{81D6D845-6F60-346F-A76C-EFFD03E3A463}</UniqueIdentifier>
    </Filter>
  </ItemGroup>
</Project>
