<?xml version="1.0" encoding="utf-8"?>
<Project ToolsVersion="4.0" xmlns="http://schemas.microsoft.com/developer/msbuild/2003">
  <ItemGroup>
    <Filter Include="Source Files">
      <UniqueIdentifier>{4FC737F1-C7A5-4376-A066-2A32D752A2FF}</UniqueIdentifier>
      <Extensions>cpp;c;cc;cxx;def;odl;idl;hpj;bat;asm;asmx</Extensions>
    </Filter>
    <Filter Include="Header Files">
      <UniqueIdentifier>{93995380-89BD-4b04-88EB-625FBE52EBFB}</UniqueIdentifier>
      <Extensions>h;hh;hpp;hxx;hm;inl;inc;ipp;xsd</Extensions>
    </Filter>
    <Filter Include="Resource Files">
      <UniqueIdentifier>{67DA6AB6-F800-4c08-8B7A-83BB121AAD01}</UniqueIdentifier>
      <Extensions>rc;ico;cur;bmp;dlg;rc2;rct;bin;rgs;gif;jpg;jpeg;jpe;resx;tiff;tif;png;wav;mfcribbon-ms</Extensions>
    </Filter>
    <Filter Include="Dependencies">
      <UniqueIdentifier>{c0e3c3c7-ce98-49fd-bf7b-48aa4d91c0a5}</UniqueIdentifier>
    </Filter>
    <Filter Include="Dependencies\ImGui">
      <UniqueIdentifier>{fc8d91cf-bfaf-42e9-8adc-d019dead41ed}</UniqueIdentifier>
    </Filter>
  </ItemGroup>
  <ItemGroup>
    <ClCompile Include="main.cpp">
      <Filter>Source Files</Filter>
    </ClCompile>
    <ClCompile Include="Graphics\OpenGL\GFXOpenGL.cpp">
      <Filter>Source Files</Filter>
    </ClCompile>
    <ClCompile Include="Graphics\DX11\GFXDX11.cpp">
      <Filter>Source Files</Filter>
    </ClCompile>
    <ClCompile Include="Window.cpp">
      <Filter>Source Files</Filter>
    </ClCompile>
    <ClCompile Include="Graphics\API\Mesh.cpp">
      <Filter>Source Files</Filter>
    </ClCompile>
    <ClCompile Include="Graphics\DX11\MeshDX11.cpp">
      <Filter>Source Files</Filter>
    </ClCompile>
    <ClCompile Include="Graphics\DX11\ShaderDX11.cpp">
      <Filter>Source Files</Filter>
    </ClCompile>
    <ClCompile Include="Graphics\API\Shader.cpp">
      <Filter>Source Files</Filter>
    </ClCompile>
    <ClCompile Include="Graphics\OpenGL\ShaderGL.cpp">
      <Filter>Source Files</Filter>
    </ClCompile>
    <ClCompile Include="Graphics\OpenGL\MeshGL.cpp">
      <Filter>Source Files</Filter>
    </ClCompile>
    <ClCompile Include="Graphics\API\GFXAPI.cpp">
      <Filter>Source Files</Filter>
    </ClCompile>
    <ClCompile Include="Graphics\API\Texture.cpp">
      <Filter>Source Files</Filter>
    </ClCompile>
    <ClCompile Include="Graphics\OpenGL\TextureGL.cpp">
      <Filter>Source Files</Filter>
    </ClCompile>
    <ClCompile Include="Graphics\DX11\TextureDX11.cpp">
      <Filter>Source Files</Filter>
    </ClCompile>
    <ClCompile Include="Graphics\API\RenderTarget.cpp">
      <Filter>Source Files</Filter>
    </ClCompile>
    <ClCompile Include="Graphics\OpenGL\RenderTargetGL.cpp">
      <Filter>Source Files</Filter>
    </ClCompile>
    <ClCompile Include="Graphics\DX11\RenderTargetDX11.cpp">
      <Filter>Source Files</Filter>
    </ClCompile>
    <ClCompile Include="Dependency\ImGui\imgui.cpp">
      <Filter>Dependencies\ImGui</Filter>
    </ClCompile>
    <ClCompile Include="Dependency\ImGui\imgui_demo.cpp">
      <Filter>Dependencies\ImGui</Filter>
    </ClCompile>
    <ClCompile Include="Dependency\ImGui\imgui_draw.cpp">
      <Filter>Dependencies\ImGui</Filter>
    </ClCompile>
    <ClCompile Include="Dependency\ImGui\examples\imgui_impl_dx11.cpp">
      <Filter>Dependencies\ImGui</Filter>
    </ClCompile>
    <ClCompile Include="Dependency\ImGui\examples\imgui_impl_opengl3.cpp">
      <Filter>Dependencies\ImGui</Filter>
    </ClCompile>
    <ClCompile Include="Dependency\ImGui\examples\imgui_impl_win32.cpp">
      <Filter>Dependencies\ImGui</Filter>
    </ClCompile>
    <ClCompile Include="Dependency\ImGui\imgui_widgets.cpp">
      <Filter>Dependencies\ImGui</Filter>
    </ClCompile>
    <ClCompile Include="Graphics\API\GFXObj.cpp">
      <Filter>Source Files</Filter>
    </ClCompile>
    <ClCompile Include="Graphics\Model.cpp">
      <Filter>Source Files</Filter>
    </ClCompile>
    <ClCompile Include="Graphics\ShaderSpirvData.cpp">
      <Filter>Source Files</Filter>
    </ClCompile>
    <ClCompile Include="Util.cpp">
      <Filter>Source Files</Filter>
    </ClCompile>
    <ClCompile Include="Object.cpp">
      <Filter>Source Files</Filter>
    </ClCompile>
    <ClCompile Include="Transform.cpp">
      <Filter>Source Files</Filter>
    </ClCompile>
    <ClCompile Include="Graphics\Material.cpp">
      <Filter>Source Files</Filter>
    </ClCompile>
    <ClCompile Include="Singletons.cpp">
      <Filter>Source Files</Filter>
    </ClCompile>
    <ClCompile Include="Camera.cpp">
      <Filter>Source Files</Filter>
    </ClCompile>
    <ClCompile Include="Interfaces\Saveable.cpp">
      <Filter>Source Files</Filter>
    </ClCompile>
    <ClCompile Include="Managers\ShaderManager.cpp">
      <Filter>Source Files</Filter>
    </ClCompile>
    <ClCompile Include="Managers\Manager.cpp">
      <Filter>Source Files</Filter>
    </ClCompile>
    <ClCompile Include="Managers\ManagerBase.cpp">
      <Filter>Source Files</Filter>
    </ClCompile>
    <ClCompile Include="Managers\TextureManager.cpp">
      <Filter>Source Files</Filter>
    </ClCompile>
    <ClCompile Include="Managers\ShaderSpirvManager.cpp">
      <Filter>Source Files</Filter>
    </ClCompile>
    <ClCompile Include="Managers\Arguments.cpp">
      <Filter>Source Files</Filter>
    </ClCompile>
    <ClCompile Include="Generated\Objects_Night_Heron_Engine.cpp">
      <Filter>Source Files</Filter>
    </ClCompile>
    <ClCompile Include="Managers\SceneManager.cpp">
      <Filter>Source Files</Filter>
    </ClCompile>
    <ClCompile Include="Scene.cpp">
      <Filter>Source Files</Filter>
    </ClCompile>
    <ClCompile Include="Tests\ObjectDrawTest.cpp">
      <Filter>Source Files</Filter>
    </ClCompile>
    <ClCompile Include="Helpers\ImGuiHelper.cpp">
      <Filter>Source Files</Filter>
    </ClCompile>
    <ClCompile Include="Managers\IniFile.cpp">
      <Filter>Source Files</Filter>
    </ClCompile>
    <ClCompile Include="Input\InputHandler.cpp">
      <Filter>Source Files</Filter>
    </ClCompile>
    <ClCompile Include="Debug.cpp">
      <Filter>Source Files</Filter>
    </ClCompile>
    <ClCompile Include="Types\CMString.cpp">
      <Filter>Source Files</Filter>
    </ClCompile>
    <ClCompile Include="FlyCamera.cpp">
      <Filter>Source Files</Filter>
    </ClCompile>
    <ClCompile Include="jsonConverter\JCglm.cpp">
      <Filter>Source Files</Filter>
    </ClCompile>
    <ClCompile Include="AppBase.cpp">
      <Filter>Source Files</Filter>
    </ClCompile>
    <ClCompile Include="_GameTest\Game1\Game1.cpp">
      <Filter>Source Files</Filter>
    </ClCompile>
  </ItemGroup>
  <ItemGroup>
    <ClInclude Include="Graphics\OpenGL\GFXOpenGL.h">
      <Filter>Header Files</Filter>
    </ClInclude>
    <ClInclude Include="Graphics\API\GFXAPI.h">
      <Filter>Header Files</Filter>
    </ClInclude>
    <ClInclude Include="Graphics\DX11\GFXDX11.h">
      <Filter>Header Files</Filter>
    </ClInclude>
    <ClInclude Include="Graphics\API\Mesh.h">
      <Filter>Header Files</Filter>
    </ClInclude>
    <ClInclude Include="Graphics\API\Shader.h">
      <Filter>Header Files</Filter>
    </ClInclude>
    <ClInclude Include="Window.h">
      <Filter>Header Files</Filter>
    </ClInclude>
    <ClInclude Include="Graphics\DX11\MeshDX11.h">
      <Filter>Header Files</Filter>
    </ClInclude>
    <ClInclude Include="Graphics\DX11\ShaderDX11.h">
      <Filter>Header Files</Filter>
    </ClInclude>
    <ClInclude Include="Graphics\OpenGL\ShaderGL.h">
      <Filter>Header Files</Filter>
    </ClInclude>
    <ClInclude Include="Graphics\OpenGL\MeshGL.h">
      <Filter>Header Files</Filter>
    </ClInclude>
    <ClInclude Include="Graphics\API\Texture.h">
      <Filter>Header Files</Filter>
    </ClInclude>
    <ClInclude Include="Graphics\DX11\TextureDX11.h">
      <Filter>Header Files</Filter>
    </ClInclude>
    <ClInclude Include="Graphics\OpenGL\TextureGL.h">
      <Filter>Header Files</Filter>
    </ClInclude>
    <ClInclude Include="Graphics\API\RenderTarget.h">
      <Filter>Header Files</Filter>
    </ClInclude>
    <ClInclude Include="Graphics\OpenGL\RenderTargetGL.h">
      <Filter>Header Files</Filter>
    </ClInclude>
    <ClInclude Include="Graphics\DX11\RenderTargetDX11.h">
      <Filter>Header Files</Filter>
    </ClInclude>
    <ClInclude Include="SimpleMath.h">
      <Filter>Header Files</Filter>
    </ClInclude>
    <ClInclude Include="Dependency\ImGui\imgui.h">
      <Filter>Header Files</Filter>
    </ClInclude>
    <ClInclude Include="Dependency\ImGui\imconfig.h">
      <Filter>Header Files</Filter>
    </ClInclude>
    <ClInclude Include="Dependency\ImGui\examples\imgui_impl_dx11.h">
      <Filter>Header Files</Filter>
    </ClInclude>
    <ClInclude Include="Dependency\ImGui\examples\imgui_impl_opengl3.h">
      <Filter>Header Files</Filter>
    </ClInclude>
    <ClInclude Include="Dependency\ImGui\examples\imgui_impl_win32.h">
      <Filter>Header Files</Filter>
    </ClInclude>
    <ClInclude Include="Graphics\API\FwdDec.h">
      <Filter>Header Files</Filter>
    </ClInclude>
    <ClInclude Include="Debug.h">
      <Filter>Header Files</Filter>
    </ClInclude>
    <ClInclude Include="Graphics\API\GFXObj.h">
      <Filter>Header Files</Filter>
    </ClInclude>
    <ClInclude Include="Graphics\Model.h">
      <Filter>Header Files</Filter>
    </ClInclude>
    <ClInclude Include="Graphics\ShaderSpirvData.h">
      <Filter>Header Files</Filter>
    </ClInclude>
    <ClInclude Include="Util.h">
      <Filter>Header Files</Filter>
    </ClInclude>
    <ClInclude Include="Object.h">
      <Filter>Header Files</Filter>
    </ClInclude>
    <ClInclude Include="Transform.h">
      <Filter>Header Files</Filter>
    </ClInclude>
    <ClInclude Include="Graphics\Material.h">
      <Filter>Header Files</Filter>
    </ClInclude>
    <ClInclude Include="Singletons.h">
      <Filter>Header Files</Filter>
    </ClInclude>
    <ClInclude Include="Camera.h">
      <Filter>Header Files</Filter>
    </ClInclude>
    <ClInclude Include="Interfaces\Saveable.h">
      <Filter>Header Files</Filter>
    </ClInclude>
    <ClInclude Include="Managers\ShaderManager.h">
      <Filter>Header Files</Filter>
    </ClInclude>
    <ClInclude Include="Managers\Manager.h">
      <Filter>Header Files</Filter>
    </ClInclude>
    <ClInclude Include="Managers\TextureManager.h">
      <Filter>Header Files</Filter>
    </ClInclude>
    <ClInclude Include="Managers\ManagerBase.h">
      <Filter>Header Files</Filter>
    </ClInclude>
    <ClInclude Include="Managers\ShaderSpirvManager.h">
      <Filter>Header Files</Filter>
    </ClInclude>
    <ClInclude Include="Managers\Arguments.h">
      <Filter>Header Files</Filter>
    </ClInclude>
    <ClInclude Include="Generated\Hash_Night_Heron_Engine.h">
      <Filter>Header Files</Filter>
    </ClInclude>
    <ClInclude Include="Generated\Objects_Night_Heron_Engine.h">
      <Filter>Header Files</Filter>
    </ClInclude>
    <ClInclude Include="Managers\SceneManager.h">
      <Filter>Header Files</Filter>
    </ClInclude>
    <ClInclude Include="Scene.h">
      <Filter>Header Files</Filter>
    </ClInclude>
    <ClInclude Include="Dependency\rapidjson\allocators.h">
      <Filter>Header Files</Filter>
    </ClInclude>
    <ClInclude Include="Dependency\rapidjson\cursorstreamwrapper.h">
      <Filter>Header Files</Filter>
    </ClInclude>
    <ClInclude Include="Dependency\rapidjson\document.h">
      <Filter>Header Files</Filter>
    </ClInclude>
    <ClInclude Include="Dependency\rapidjson\encodedstream.h">
      <Filter>Header Files</Filter>
    </ClInclude>
    <ClInclude Include="Dependency\rapidjson\encodings.h">
      <Filter>Header Files</Filter>
    </ClInclude>
    <ClInclude Include="Dependency\rapidjson\error\en.h">
      <Filter>Header Files</Filter>
    </ClInclude>
    <ClInclude Include="Dependency\rapidjson\error\error.h">
      <Filter>Header Files</Filter>
    </ClInclude>
    <ClInclude Include="Dependency\rapidjson\filereadstream.h">
      <Filter>Header Files</Filter>
    </ClInclude>
    <ClInclude Include="Dependency\rapidjson\filewritestream.h">
      <Filter>Header Files</Filter>
    </ClInclude>
    <ClInclude Include="Dependency\rapidjson\fwd.h">
      <Filter>Header Files</Filter>
    </ClInclude>
    <ClInclude Include="Dependency\rapidjson\internal\biginteger.h">
      <Filter>Header Files</Filter>
    </ClInclude>
    <ClInclude Include="Dependency\rapidjson\internal\diyfp.h">
      <Filter>Header Files</Filter>
    </ClInclude>
    <ClInclude Include="Dependency\rapidjson\internal\dtoa.h">
      <Filter>Header Files</Filter>
    </ClInclude>
    <ClInclude Include="Dependency\rapidjson\internal\ieee754.h">
      <Filter>Header Files</Filter>
    </ClInclude>
    <ClInclude Include="Dependency\rapidjson\internal\itoa.h">
      <Filter>Header Files</Filter>
    </ClInclude>
    <ClInclude Include="Dependency\rapidjson\internal\meta.h">
      <Filter>Header Files</Filter>
    </ClInclude>
    <ClInclude Include="Dependency\rapidjson\internal\pow10.h">
      <Filter>Header Files</Filter>
    </ClInclude>
    <ClInclude Include="Dependency\rapidjson\internal\regex.h">
      <Filter>Header Files</Filter>
    </ClInclude>
    <ClInclude Include="Dependency\rapidjson\internal\stack.h">
      <Filter>Header Files</Filter>
    </ClInclude>
    <ClInclude Include="Dependency\rapidjson\internal\strfunc.h">
      <Filter>Header Files</Filter>
    </ClInclude>
    <ClInclude Include="Dependency\rapidjson\internal\strtod.h">
      <Filter>Header Files</Filter>
    </ClInclude>
    <ClInclude Include="Dependency\rapidjson\internal\swap.h">
      <Filter>Header Files</Filter>
    </ClInclude>
    <ClInclude Include="Dependency\rapidjson\istreamwrapper.h">
      <Filter>Header Files</Filter>
    </ClInclude>
    <ClInclude Include="Dependency\rapidjson\memorybuffer.h">
      <Filter>Header Files</Filter>
    </ClInclude>
    <ClInclude Include="Dependency\rapidjson\memorystream.h">
      <Filter>Header Files</Filter>
    </ClInclude>
    <ClInclude Include="Dependency\rapidjson\msinttypes\inttypes.h">
      <Filter>Header Files</Filter>
    </ClInclude>
    <ClInclude Include="Dependency\rapidjson\msinttypes\stdint.h">
      <Filter>Header Files</Filter>
    </ClInclude>
    <ClInclude Include="Dependency\rapidjson\ostreamwrapper.h">
      <Filter>Header Files</Filter>
    </ClInclude>
    <ClInclude Include="Dependency\rapidjson\pointer.h">
      <Filter>Header Files</Filter>
    </ClInclude>
    <ClInclude Include="Dependency\rapidjson\prettywriter.h">
      <Filter>Header Files</Filter>
    </ClInclude>
    <ClInclude Include="Dependency\rapidjson\rapidjson.h">
      <Filter>Header Files</Filter>
    </ClInclude>
    <ClInclude Include="Dependency\rapidjson\reader.h">
      <Filter>Header Files</Filter>
    </ClInclude>
    <ClInclude Include="Dependency\rapidjson\schema.h">
      <Filter>Header Files</Filter>
    </ClInclude>
    <ClInclude Include="Dependency\rapidjson\stream.h">
      <Filter>Header Files</Filter>
    </ClInclude>
    <ClInclude Include="Dependency\rapidjson\stringbuffer.h">
      <Filter>Header Files</Filter>
    </ClInclude>
    <ClInclude Include="Dependency\rapidjson\writer.h">
      <Filter>Header Files</Filter>
    </ClInclude>
    <ClInclude Include="Dependency\nlohmann\adl_serializer.hpp">
      <Filter>Header Files</Filter>
    </ClInclude>
    <ClInclude Include="Dependency\nlohmann\detail\conversions\from_json.hpp">
      <Filter>Header Files</Filter>
    </ClInclude>
    <ClInclude Include="Dependency\nlohmann\detail\conversions\to_chars.hpp">
      <Filter>Header Files</Filter>
    </ClInclude>
    <ClInclude Include="Dependency\nlohmann\detail\conversions\to_json.hpp">
      <Filter>Header Files</Filter>
    </ClInclude>
    <ClInclude Include="Dependency\nlohmann\detail\exceptions.hpp">
      <Filter>Header Files</Filter>
    </ClInclude>
    <ClInclude Include="Dependency\nlohmann\detail\input\binary_reader.hpp">
      <Filter>Header Files</Filter>
    </ClInclude>
    <ClInclude Include="Dependency\nlohmann\detail\input\input_adapters.hpp">
      <Filter>Header Files</Filter>
    </ClInclude>
    <ClInclude Include="Dependency\nlohmann\detail\input\json_sax.hpp">
      <Filter>Header Files</Filter>
    </ClInclude>
    <ClInclude Include="Dependency\nlohmann\detail\input\lexer.hpp">
      <Filter>Header Files</Filter>
    </ClInclude>
    <ClInclude Include="Dependency\nlohmann\detail\input\parser.hpp">
      <Filter>Header Files</Filter>
    </ClInclude>
    <ClInclude Include="Dependency\nlohmann\detail\input\position_t.hpp">
      <Filter>Header Files</Filter>
    </ClInclude>
    <ClInclude Include="Dependency\nlohmann\detail\iterators\internal_iterator.hpp">
      <Filter>Header Files</Filter>
    </ClInclude>
    <ClInclude Include="Dependency\nlohmann\detail\iterators\iteration_proxy.hpp">
      <Filter>Header Files</Filter>
    </ClInclude>
    <ClInclude Include="Dependency\nlohmann\detail\iterators\iterator_traits.hpp">
      <Filter>Header Files</Filter>
    </ClInclude>
    <ClInclude Include="Dependency\nlohmann\detail\iterators\iter_impl.hpp">
      <Filter>Header Files</Filter>
    </ClInclude>
    <ClInclude Include="Dependency\nlohmann\detail\iterators\json_reverse_iterator.hpp">
      <Filter>Header Files</Filter>
    </ClInclude>
    <ClInclude Include="Dependency\nlohmann\detail\iterators\primitive_iterator.hpp">
      <Filter>Header Files</Filter>
    </ClInclude>
    <ClInclude Include="Dependency\nlohmann\detail\json_pointer.hpp">
      <Filter>Header Files</Filter>
    </ClInclude>
    <ClInclude Include="Dependency\nlohmann\detail\json_ref.hpp">
      <Filter>Header Files</Filter>
    </ClInclude>
    <ClInclude Include="Dependency\nlohmann\detail\macro_scope.hpp">
      <Filter>Header Files</Filter>
    </ClInclude>
    <ClInclude Include="Dependency\nlohmann\detail\macro_unscope.hpp">
      <Filter>Header Files</Filter>
    </ClInclude>
    <ClInclude Include="Dependency\nlohmann\detail\meta\cpp_future.hpp">
      <Filter>Header Files</Filter>
    </ClInclude>
    <ClInclude Include="Dependency\nlohmann\detail\meta\detected.hpp">
      <Filter>Header Files</Filter>
    </ClInclude>
    <ClInclude Include="Dependency\nlohmann\detail\meta\is_sax.hpp">
      <Filter>Header Files</Filter>
    </ClInclude>
    <ClInclude Include="Dependency\nlohmann\detail\meta\type_traits.hpp">
      <Filter>Header Files</Filter>
    </ClInclude>
    <ClInclude Include="Dependency\nlohmann\detail\meta\void_t.hpp">
      <Filter>Header Files</Filter>
    </ClInclude>
    <ClInclude Include="Dependency\nlohmann\detail\output\binary_writer.hpp">
      <Filter>Header Files</Filter>
    </ClInclude>
    <ClInclude Include="Dependency\nlohmann\detail\output\output_adapters.hpp">
      <Filter>Header Files</Filter>
    </ClInclude>
    <ClInclude Include="Dependency\nlohmann\detail\output\serializer.hpp">
      <Filter>Header Files</Filter>
    </ClInclude>
    <ClInclude Include="Dependency\nlohmann\detail\value_t.hpp">
      <Filter>Header Files</Filter>
    </ClInclude>
    <ClInclude Include="Dependency\nlohmann\json.hpp">
      <Filter>Header Files</Filter>
    </ClInclude>
    <ClInclude Include="Dependency\nlohmann\json_fwd.hpp">
      <Filter>Header Files</Filter>
    </ClInclude>
    <ClInclude Include="Interfaces\Jsonable.h">
      <Filter>Header Files</Filter>
    </ClInclude>
    <ClInclude Include="Managers\TimeManager.h">
      <Filter>Header Files</Filter>
    </ClInclude>
    <ClInclude Include="Tests\ObjectDrawTest.h">
      <Filter>Header Files</Filter>
    </ClInclude>
    <ClInclude Include="Helpers\ImGuiHelper.h">
      <Filter>Header Files</Filter>
    </ClInclude>
    <ClInclude Include="Managers\IniFile.h">
      <Filter>Header Files</Filter>
    </ClInclude>
    <ClInclude Include="Input\InputHandler.h">
      <Filter>Header Files</Filter>
    </ClInclude>
    <ClInclude Include="Input\InputKeys.h">
      <Filter>Header Files</Filter>
    </ClInclude>
    <ClInclude Include="Types\CMString.h">
      <Filter>Header Files</Filter>
    </ClInclude>
    <ClInclude Include="Types\CMArray.h">
      <Filter>Header Files</Filter>
    </ClInclude>
    <ClInclude Include="Types\CMFilePath.h">
      <Filter>Header Files</Filter>
    </ClInclude>
    <ClInclude Include="Types\CMStringHash.h">
      <Filter>Header Files</Filter>
    </ClInclude>
    <ClInclude Include="Graphics\API\GFXConstants.h">
      <Filter>Header Files</Filter>
    </ClInclude>
    <ClInclude Include="FlyCamera.h">
      <Filter>Header Files</Filter>
    </ClInclude>
    <ClInclude Include="jsonConverter\JCglm.h">
      <Filter>Header Files</Filter>
    </ClInclude>
    <ClInclude Include="AppBase.h">
      <Filter>Header Files</Filter>
    </ClInclude>
    <ClInclude Include="_GameTest\Game1\Game1.h">
      <Filter>Header Files</Filter>
    </ClInclude>
    <ClInclude Include="stdafx.h">
      <Filter>Header Files</Filter>
    </ClInclude>
  </ItemGroup>
  <ItemGroup>
    <Natvis Include="NatvisFile.natvis" />
    <Natvis Include="Dependency\ImGui\misc\natvis\imgui.natvis" />
  </ItemGroup>
</Project>