Microsoft Visual Studio Solution File, Format Version 12.00
# Visual Studio 15
Project("{8BC9CEB8-8B4A-11D0-8D11-00A0C91BC942}") = "ALL_BUILD", "ALL_BUILD.vcxproj", "{4B1D11AC-2B60-3584-812C-428B8449B8AB}"
	ProjectSection(ProjectDependencies) = postProject
		{BE03FC47-AF1B-3F6E-8715-1A4EA5F3B4DB} = {BE03FC47-AF1B-3F6E-8715-1A4EA5F3B4DB}
		{1FF482A9-3DEB-3DC2-AA9B-0498457A8EC1} = {1FF482A9-3DEB-3DC2-AA9B-0498457A8EC1}
		{FC7BBF42-8EDE-3A31-99C3-6A4359E537F8} = {FC7BBF42-8EDE-3A31-99C3-6A4359E537F8}
		{D2E485E0-3EF5-3C78-8369-4FD2B2EBE4A3} = {D2E485E0-3EF5-3C78-8369-4FD2B2EBE4A3}
		{898E8649-0966-37BC-BB44-8C6223F240FE} = {898E8649-0966-37BC-BB44-8C6223F240FE}
		{C2EDC3F0-5865-3022-99A6-0EFFFA25968A} = {C2EDC3F0-5865-3022-99A6-0EFFFA25968A}
		{6EA96A93-5E88-3174-BDB7-894C99F11B39} = {6EA96A93-5E88-3174-BDB7-894C99F11B39}
		{D3E5323E-0607-390E-8CF5-E3DAB205B093} = {D3E5323E-0607-390E-8CF5-E3DAB205B093}
		{6360341C-F5AB-3694-869E-B1E925D8BE1D} = {6360341C-F5AB-3694-869E-B1E925D8BE1D}
	EndProjectSection
EndProject
Project("{8BC9CEB8-8B4A-11D0-8D11-00A0C91BC942}") = "INSTALL", "INSTALL.vcxproj", "{1E199584-28C0-3A11-BEA5-F535316E08A3}"
	ProjectSection(ProjectDependencies) = postProject
		{4B1D11AC-2B60-3584-812C-428B8449B8AB} = {4B1D11AC-2B60-3584-812C-428B8449B8AB}
		{BE03FC47-AF1B-3F6E-8715-1A4EA5F3B4DB} = {BE03FC47-AF1B-3F6E-8715-1A4EA5F3B4DB}
	EndProjectSection
EndProject
Project("{8BC9CEB8-8B4A-11D0-8D11-00A0C91BC942}") = "RUN_TESTS", "RUN_TESTS.vcxproj", "{B1EE3602-ADF1-3A5E-9461-7222B37FDA65}"
	ProjectSection(ProjectDependencies) = postProject
		{BE03FC47-AF1B-3F6E-8715-1A4EA5F3B4DB} = {BE03FC47-AF1B-3F6E-8715-1A4EA5F3B4DB}
	EndProjectSection
EndProject
Project("{8BC9CEB8-8B4A-11D0-8D11-00A0C91BC942}") = "ZERO_CHECK", "ZERO_CHECK.vcxproj", "{BE03FC47-AF1B-3F6E-8715-1A4EA5F3B4DB}"
	ProjectSection(ProjectDependencies) = postProject
	EndProjectSection
EndProject
Project("{8BC9CEB8-8B4A-11D0-8D11-00A0C91BC942}") = "spirv-cross", "spirv-cross.vcxproj", "{1FF482A9-3DEB-3DC2-AA9B-0498457A8EC1}"
	ProjectSection(ProjectDependencies) = postProject
		{BE03FC47-AF1B-3F6E-8715-1A4EA5F3B4DB} = {BE03FC47-AF1B-3F6E-8715-1A4EA5F3B4DB}
		{FC7BBF42-8EDE-3A31-99C3-6A4359E537F8} = {FC7BBF42-8EDE-3A31-99C3-6A4359E537F8}
		{D2E485E0-3EF5-3C78-8369-4FD2B2EBE4A3} = {D2E485E0-3EF5-3C78-8369-4FD2B2EBE4A3}
		{898E8649-0966-37BC-BB44-8C6223F240FE} = {898E8649-0966-37BC-BB44-8C6223F240FE}
		{C2EDC3F0-5865-3022-99A6-0EFFFA25968A} = {C2EDC3F0-5865-3022-99A6-0EFFFA25968A}
		{6EA96A93-5E88-3174-BDB7-894C99F11B39} = {6EA96A93-5E88-3174-BDB7-894C99F11B39}
		{D3E5323E-0607-390E-8CF5-E3DAB205B093} = {D3E5323E-0607-390E-8CF5-E3DAB205B093}
		{6360341C-F5AB-3694-869E-B1E925D8BE1D} = {6360341C-F5AB-3694-869E-B1E925D8BE1D}
	EndProjectSection
EndProject
Project("{8BC9CEB8-8B4A-11D0-8D11-00A0C91BC942}") = "spirv-cross-core", "spirv-cross-core.vcxproj", "{FC7BBF42-8EDE-3A31-99C3-6A4359E537F8}"
	ProjectSection(ProjectDependencies) = postProject
		{BE03FC47-AF1B-3F6E-8715-1A4EA5F3B4DB} = {BE03FC47-AF1B-3F6E-8715-1A4EA5F3B4DB}
	EndProjectSection
EndProject
Project("{8BC9CEB8-8B4A-11D0-8D11-00A0C91BC942}") = "spirv-cross-cpp", "spirv-cross-cpp.vcxproj", "{D2E485E0-3EF5-3C78-8369-4FD2B2EBE4A3}"
	ProjectSection(ProjectDependencies) = postProject
		{BE03FC47-AF1B-3F6E-8715-1A4EA5F3B4DB} = {BE03FC47-AF1B-3F6E-8715-1A4EA5F3B4DB}
		{FC7BBF42-8EDE-3A31-99C3-6A4359E537F8} = {FC7BBF42-8EDE-3A31-99C3-6A4359E537F8}
		{898E8649-0966-37BC-BB44-8C6223F240FE} = {898E8649-0966-37BC-BB44-8C6223F240FE}
	EndProjectSection
EndProject
Project("{8BC9CEB8-8B4A-11D0-8D11-00A0C91BC942}") = "spirv-cross-glsl", "spirv-cross-glsl.vcxproj", "{898E8649-0966-37BC-BB44-8C6223F240FE}"
	ProjectSection(ProjectDependencies) = postProject
		{BE03FC47-AF1B-3F6E-8715-1A4EA5F3B4DB} = {BE03FC47-AF1B-3F6E-8715-1A4EA5F3B4DB}
		{FC7BBF42-8EDE-3A31-99C3-6A4359E537F8} = {FC7BBF42-8EDE-3A31-99C3-6A4359E537F8}
	EndProjectSection
EndProject
Project("{8BC9CEB8-8B4A-11D0-8D11-00A0C91BC942}") = "spirv-cross-hlsl", "spirv-cross-hlsl.vcxproj", "{C2EDC3F0-5865-3022-99A6-0EFFFA25968A}"
	ProjectSection(ProjectDependencies) = postProject
		{BE03FC47-AF1B-3F6E-8715-1A4EA5F3B4DB} = {BE03FC47-AF1B-3F6E-8715-1A4EA5F3B4DB}
		{FC7BBF42-8EDE-3A31-99C3-6A4359E537F8} = {FC7BBF42-8EDE-3A31-99C3-6A4359E537F8}
		{898E8649-0966-37BC-BB44-8C6223F240FE} = {898E8649-0966-37BC-BB44-8C6223F240FE}
	EndProjectSection
EndProject
Project("{8BC9CEB8-8B4A-11D0-8D11-00A0C91BC942}") = "spirv-cross-msl", "spirv-cross-msl.vcxproj", "{6EA96A93-5E88-3174-BDB7-894C99F11B39}"
	ProjectSection(ProjectDependencies) = postProject
		{BE03FC47-AF1B-3F6E-8715-1A4EA5F3B4DB} = {BE03FC47-AF1B-3F6E-8715-1A4EA5F3B4DB}
		{FC7BBF42-8EDE-3A31-99C3-6A4359E537F8} = {FC7BBF42-8EDE-3A31-99C3-6A4359E537F8}
		{898E8649-0966-37BC-BB44-8C6223F240FE} = {898E8649-0966-37BC-BB44-8C6223F240FE}
	EndProjectSection
EndProject
Project("{8BC9CEB8-8B4A-11D0-8D11-00A0C91BC942}") = "spirv-cross-reflect", "spirv-cross-reflect.vcxproj", "{D3E5323E-0607-390E-8CF5-E3DAB205B093}"
	ProjectSection(ProjectDependencies) = postProject
		{BE03FC47-AF1B-3F6E-8715-1A4EA5F3B4DB} = {BE03FC47-AF1B-3F6E-8715-1A4EA5F3B4DB}
	EndProjectSection
EndProject
Project("{8BC9CEB8-8B4A-11D0-8D11-00A0C91BC942}") = "spirv-cross-util", "spirv-cross-util.vcxproj", "{6360341C-F5AB-3694-869E-B1E925D8BE1D}"
	ProjectSection(ProjectDependencies) = postProject
		{BE03FC47-AF1B-3F6E-8715-1A4EA5F3B4DB} = {BE03FC47-AF1B-3F6E-8715-1A4EA5F3B4DB}
		{FC7BBF42-8EDE-3A31-99C3-6A4359E537F8} = {FC7BBF42-8EDE-3A31-99C3-6A4359E537F8}
	EndProjectSection
EndProject
Global
	GlobalSection(SolutionConfigurationPlatforms) = preSolution
		Debug|Win32 = Debug|Win32
		Release|Win32 = Release|Win32
		MinSizeRel|Win32 = MinSizeRel|Win32
		RelWithDebInfo|Win32 = RelWithDebInfo|Win32
	EndGlobalSection
	GlobalSection(ProjectConfigurationPlatforms) = postSolution
		{4B1D11AC-2B60-3584-812C-428B8449B8AB}.Debug|Win32.ActiveCfg = Debug|Win32
		{4B1D11AC-2B60-3584-812C-428B8449B8AB}.Debug|Win32.Build.0 = Debug|Win32
		{4B1D11AC-2B60-3584-812C-428B8449B8AB}.Release|Win32.ActiveCfg = Release|Win32
		{4B1D11AC-2B60-3584-812C-428B8449B8AB}.Release|Win32.Build.0 = Release|Win32
		{4B1D11AC-2B60-3584-812C-428B8449B8AB}.MinSizeRel|Win32.ActiveCfg = MinSizeRel|Win32
		{4B1D11AC-2B60-3584-812C-428B8449B8AB}.MinSizeRel|Win32.Build.0 = MinSizeRel|Win32
		{4B1D11AC-2B60-3584-812C-428B8449B8AB}.RelWithDebInfo|Win32.ActiveCfg = RelWithDebInfo|Win32
		{4B1D11AC-2B60-3584-812C-428B8449B8AB}.RelWithDebInfo|Win32.Build.0 = RelWithDebInfo|Win32
		{1E199584-28C0-3A11-BEA5-F535316E08A3}.Debug|Win32.ActiveCfg = Debug|Win32
		{1E199584-28C0-3A11-BEA5-F535316E08A3}.Release|Win32.ActiveCfg = Release|Win32
		{1E199584-28C0-3A11-BEA5-F535316E08A3}.MinSizeRel|Win32.ActiveCfg = MinSizeRel|Win32
		{1E199584-28C0-3A11-BEA5-F535316E08A3}.RelWithDebInfo|Win32.ActiveCfg = RelWithDebInfo|Win32
		{B1EE3602-ADF1-3A5E-9461-7222B37FDA65}.Debug|Win32.ActiveCfg = Debug|Win32
		{B1EE3602-ADF1-3A5E-9461-7222B37FDA65}.Release|Win32.ActiveCfg = Release|Win32
		{B1EE3602-ADF1-3A5E-9461-7222B37FDA65}.MinSizeRel|Win32.ActiveCfg = MinSizeRel|Win32
		{B1EE3602-ADF1-3A5E-9461-7222B37FDA65}.RelWithDebInfo|Win32.ActiveCfg = RelWithDebInfo|Win32
		{BE03FC47-AF1B-3F6E-8715-1A4EA5F3B4DB}.Debug|Win32.ActiveCfg = Debug|Win32
		{BE03FC47-AF1B-3F6E-8715-1A4EA5F3B4DB}.Debug|Win32.Build.0 = Debug|Win32
		{BE03FC47-AF1B-3F6E-8715-1A4EA5F3B4DB}.Release|Win32.ActiveCfg = Release|Win32
		{BE03FC47-AF1B-3F6E-8715-1A4EA5F3B4DB}.Release|Win32.Build.0 = Release|Win32
		{BE03FC47-AF1B-3F6E-8715-1A4EA5F3B4DB}.MinSizeRel|Win32.ActiveCfg = MinSizeRel|Win32
		{BE03FC47-AF1B-3F6E-8715-1A4EA5F3B4DB}.MinSizeRel|Win32.Build.0 = MinSizeRel|Win32
		{BE03FC47-AF1B-3F6E-8715-1A4EA5F3B4DB}.RelWithDebInfo|Win32.ActiveCfg = RelWithDebInfo|Win32
		{BE03FC47-AF1B-3F6E-8715-1A4EA5F3B4DB}.RelWithDebInfo|Win32.Build.0 = RelWithDebInfo|Win32
		{1FF482A9-3DEB-3DC2-AA9B-0498457A8EC1}.Debug|Win32.ActiveCfg = Debug|Win32
		{1FF482A9-3DEB-3DC2-AA9B-0498457A8EC1}.Debug|Win32.Build.0 = Debug|Win32
		{1FF482A9-3DEB-3DC2-AA9B-0498457A8EC1}.Release|Win32.ActiveCfg = Release|Win32
		{1FF482A9-3DEB-3DC2-AA9B-0498457A8EC1}.Release|Win32.Build.0 = Release|Win32
		{1FF482A9-3DEB-3DC2-AA9B-0498457A8EC1}.MinSizeRel|Win32.ActiveCfg = MinSizeRel|Win32
		{1FF482A9-3DEB-3DC2-AA9B-0498457A8EC1}.MinSizeRel|Win32.Build.0 = MinSizeRel|Win32
		{1FF482A9-3DEB-3DC2-AA9B-0498457A8EC1}.RelWithDebInfo|Win32.ActiveCfg = RelWithDebInfo|Win32
		{1FF482A9-3DEB-3DC2-AA9B-0498457A8EC1}.RelWithDebInfo|Win32.Build.0 = RelWithDebInfo|Win32
		{FC7BBF42-8EDE-3A31-99C3-6A4359E537F8}.Debug|Win32.ActiveCfg = Debug|Win32
		{FC7BBF42-8EDE-3A31-99C3-6A4359E537F8}.Debug|Win32.Build.0 = Debug|Win32
		{FC7BBF42-8EDE-3A31-99C3-6A4359E537F8}.Release|Win32.ActiveCfg = Release|Win32
		{FC7BBF42-8EDE-3A31-99C3-6A4359E537F8}.Release|Win32.Build.0 = Release|Win32
		{FC7BBF42-8EDE-3A31-99C3-6A4359E537F8}.MinSizeRel|Win32.ActiveCfg = MinSizeRel|Win32
		{FC7BBF42-8EDE-3A31-99C3-6A4359E537F8}.MinSizeRel|Win32.Build.0 = MinSizeRel|Win32
		{FC7BBF42-8EDE-3A31-99C3-6A4359E537F8}.RelWithDebInfo|Win32.ActiveCfg = RelWithDebInfo|Win32
		{FC7BBF42-8EDE-3A31-99C3-6A4359E537F8}.RelWithDebInfo|Win32.Build.0 = RelWithDebInfo|Win32
		{D2E485E0-3EF5-3C78-8369-4FD2B2EBE4A3}.Debug|Win32.ActiveCfg = Debug|Win32
		{D2E485E0-3EF5-3C78-8369-4FD2B2EBE4A3}.Debug|Win32.Build.0 = Debug|Win32
		{D2E485E0-3EF5-3C78-8369-4FD2B2EBE4A3}.Release|Win32.ActiveCfg = Release|Win32
		{D2E485E0-3EF5-3C78-8369-4FD2B2EBE4A3}.Release|Win32.Build.0 = Release|Win32
		{D2E485E0-3EF5-3C78-8369-4FD2B2EBE4A3}.MinSizeRel|Win32.ActiveCfg = MinSizeRel|Win32
		{D2E485E0-3EF5-3C78-8369-4FD2B2EBE4A3}.MinSizeRel|Win32.Build.0 = MinSizeRel|Win32
		{D2E485E0-3EF5-3C78-8369-4FD2B2EBE4A3}.RelWithDebInfo|Win32.ActiveCfg = RelWithDebInfo|Win32
		{D2E485E0-3EF5-3C78-8369-4FD2B2EBE4A3}.RelWithDebInfo|Win32.Build.0 = RelWithDebInfo|Win32
		{898E8649-0966-37BC-BB44-8C6223F240FE}.Debug|Win32.ActiveCfg = Debug|Win32
		{898E8649-0966-37BC-BB44-8C6223F240FE}.Debug|Win32.Build.0 = Debug|Win32
		{898E8649-0966-37BC-BB44-8C6223F240FE}.Release|Win32.ActiveCfg = Release|Win32
		{898E8649-0966-37BC-BB44-8C6223F240FE}.Release|Win32.Build.0 = Release|Win32
		{898E8649-0966-37BC-BB44-8C6223F240FE}.MinSizeRel|Win32.ActiveCfg = MinSizeRel|Win32
		{898E8649-0966-37BC-BB44-8C6223F240FE}.MinSizeRel|Win32.Build.0 = MinSizeRel|Win32
		{898E8649-0966-37BC-BB44-8C6223F240FE}.RelWithDebInfo|Win32.ActiveCfg = RelWithDebInfo|Win32
		{898E8649-0966-37BC-BB44-8C6223F240FE}.RelWithDebInfo|Win32.Build.0 = RelWithDebInfo|Win32
		{C2EDC3F0-5865-3022-99A6-0EFFFA25968A}.Debug|Win32.ActiveCfg = Debug|Win32
		{C2EDC3F0-5865-3022-99A6-0EFFFA25968A}.Debug|Win32.Build.0 = Debug|Win32
		{C2EDC3F0-5865-3022-99A6-0EFFFA25968A}.Release|Win32.ActiveCfg = Release|Win32
		{C2EDC3F0-5865-3022-99A6-0EFFFA25968A}.Release|Win32.Build.0 = Release|Win32
		{C2EDC3F0-5865-3022-99A6-0EFFFA25968A}.MinSizeRel|Win32.ActiveCfg = MinSizeRel|Win32
		{C2EDC3F0-5865-3022-99A6-0EFFFA25968A}.MinSizeRel|Win32.Build.0 = MinSizeRel|Win32
		{C2EDC3F0-5865-3022-99A6-0EFFFA25968A}.RelWithDebInfo|Win32.ActiveCfg = RelWithDebInfo|Win32
		{C2EDC3F0-5865-3022-99A6-0EFFFA25968A}.RelWithDebInfo|Win32.Build.0 = RelWithDebInfo|Win32
		{6EA96A93-5E88-3174-BDB7-894C99F11B39}.Debug|Win32.ActiveCfg = Debug|Win32
		{6EA96A93-5E88-3174-BDB7-894C99F11B39}.Debug|Win32.Build.0 = Debug|Win32
		{6EA96A93-5E88-3174-BDB7-894C99F11B39}.Release|Win32.ActiveCfg = Release|Win32
		{6EA96A93-5E88-3174-BDB7-894C99F11B39}.Release|Win32.Build.0 = Release|Win32
		{6EA96A93-5E88-3174-BDB7-894C99F11B39}.MinSizeRel|Win32.ActiveCfg = MinSizeRel|Win32
		{6EA96A93-5E88-3174-BDB7-894C99F11B39}.MinSizeRel|Win32.Build.0 = MinSizeRel|Win32
		{6EA96A93-5E88-3174-BDB7-894C99F11B39}.RelWithDebInfo|Win32.ActiveCfg = RelWithDebInfo|Win32
		{6EA96A93-5E88-3174-BDB7-894C99F11B39}.RelWithDebInfo|Win32.Build.0 = RelWithDebInfo|Win32
		{D3E5323E-0607-390E-8CF5-E3DAB205B093}.Debug|Win32.ActiveCfg = Debug|Win32
		{D3E5323E-0607-390E-8CF5-E3DAB205B093}.Debug|Win32.Build.0 = Debug|Win32
		{D3E5323E-0607-390E-8CF5-E3DAB205B093}.Release|Win32.ActiveCfg = Release|Win32
		{D3E5323E-0607-390E-8CF5-E3DAB205B093}.Release|Win32.Build.0 = Release|Win32
		{D3E5323E-0607-390E-8CF5-E3DAB205B093}.MinSizeRel|Win32.ActiveCfg = MinSizeRel|Win32
		{D3E5323E-0607-390E-8CF5-E3DAB205B093}.MinSizeRel|Win32.Build.0 = MinSizeRel|Win32
		{D3E5323E-0607-390E-8CF5-E3DAB205B093}.RelWithDebInfo|Win32.ActiveCfg = RelWithDebInfo|Win32
		{D3E5323E-0607-390E-8CF5-E3DAB205B093}.RelWithDebInfo|Win32.Build.0 = RelWithDebInfo|Win32
		{6360341C-F5AB-3694-869E-B1E925D8BE1D}.Debug|Win32.ActiveCfg = Debug|Win32
		{6360341C-F5AB-3694-869E-B1E925D8BE1D}.Debug|Win32.Build.0 = Debug|Win32
		{6360341C-F5AB-3694-869E-B1E925D8BE1D}.Release|Win32.ActiveCfg = Release|Win32
		{6360341C-F5AB-3694-869E-B1E925D8BE1D}.Release|Win32.Build.0 = Release|Win32
		{6360341C-F5AB-3694-869E-B1E925D8BE1D}.MinSizeRel|Win32.ActiveCfg = MinSizeRel|Win32
		{6360341C-F5AB-3694-869E-B1E925D8BE1D}.MinSizeRel|Win32.Build.0 = MinSizeRel|Win32
		{6360341C-F5AB-3694-869E-B1E925D8BE1D}.RelWithDebInfo|Win32.ActiveCfg = RelWithDebInfo|Win32
		{6360341C-F5AB-3694-869E-B1E925D8BE1D}.RelWithDebInfo|Win32.Build.0 = RelWithDebInfo|Win32
	EndGlobalSection
	GlobalSection(ExtensibilityGlobals) = postSolution
		SolutionGuid = {16E1E87C-9583-3E8F-8992-175CBF5040DC}
	EndGlobalSection
	GlobalSection(ExtensibilityAddIns) = postSolution
	EndGlobalSection
EndGlobal
