Microsoft Visual Studio Solution File, Format Version 12.00
# Visual Studio 15
Project("{2150E333-8FDC-42A3-9474-1A3956D46DE8}") = "CMakePredefinedTargets", "CMakePredefinedTargets", "{0EC06D87-DB2A-36C1-826A-BD3291039E62}"
EndProject
Project("{2150E333-8FDC-42A3-9474-1A3956D46DE8}") = "CTestDashboardTargets", "CTestDashboardTargets", "{33A820FF-F1E2-3F3F-A8A6-E4B653C6B7EF}"
EndProject
Project("{2150E333-8FDC-42A3-9474-1A3956D46DE8}") = "glslang", "glslang", "{F949E258-53A9-30C7-9C7E-D056DC1541C7}"
EndProject
Project("{2150E333-8FDC-42A3-9474-1A3956D46DE8}") = "hlsl", "hlsl", "{5DEB5E3A-2044-3A20-911F-40FF859329EC}"
EndProject
Project("{2150E333-8FDC-42A3-9474-1A3956D46DE8}") = "tools", "tools", "{F472036C-503A-3052-AA15-0E2BC4430B89}"
EndProject
Project("{8BC9CEB8-8B4A-11D0-8D11-00A0C91BC942}") = "ALL_BUILD", "ALL_BUILD.vcxproj", "{FD6B514E-5B3E-3599-BA98-59925A41A9FB}"
	ProjectSection(ProjectDependencies) = postProject
		{174957C9-BD01-3AFC-B7CD-79DC4024D400} = {174957C9-BD01-3AFC-B7CD-79DC4024D400}
		{162E6B30-2A1F-3C13-96AD-7CD6E071A513} = {162E6B30-2A1F-3C13-96AD-7CD6E071A513}
		{34D475C9-423C-3259-A2DB-9DF84D718CEB} = {34D475C9-423C-3259-A2DB-9DF84D718CEB}
		{B67225FB-1ED7-3EA1-8B9B-40AB5150A8DD} = {B67225FB-1ED7-3EA1-8B9B-40AB5150A8DD}
		{1F44BF95-B934-39B3-8AFC-EF81800D7446} = {1F44BF95-B934-39B3-8AFC-EF81800D7446}
		{72DAFE32-7ABA-365C-AC6E-B6EA8C52F3BE} = {72DAFE32-7ABA-365C-AC6E-B6EA8C52F3BE}
		{BFEADE24-0F70-366C-8CEC-03AE87998EF6} = {BFEADE24-0F70-366C-8CEC-03AE87998EF6}
		{1624C40E-12ED-3C9C-993B-887C6819AECB} = {1624C40E-12ED-3C9C-993B-887C6819AECB}
		{02927F3F-10A8-30C2-89F2-94528383C042} = {02927F3F-10A8-30C2-89F2-94528383C042}
		{5526892F-3E4C-31DE-B911-E3B3FEF5C4E4} = {5526892F-3E4C-31DE-B911-E3B3FEF5C4E4}
	EndProjectSection
EndProject
Project("{8BC9CEB8-8B4A-11D0-8D11-00A0C91BC942}") = "Continuous", "Continuous.vcxproj", "{AE27B690-254E-336D-98CE-88E4964ED262}"
	ProjectSection(ProjectDependencies) = postProject
		{72DAFE32-7ABA-365C-AC6E-B6EA8C52F3BE} = {72DAFE32-7ABA-365C-AC6E-B6EA8C52F3BE}
	EndProjectSection
EndProject
Project("{8BC9CEB8-8B4A-11D0-8D11-00A0C91BC942}") = "Experimental", "Experimental.vcxproj", "{3CBA9C05-7565-30DB-ADFA-165D71BF06BD}"
	ProjectSection(ProjectDependencies) = postProject
		{72DAFE32-7ABA-365C-AC6E-B6EA8C52F3BE} = {72DAFE32-7ABA-365C-AC6E-B6EA8C52F3BE}
	EndProjectSection
EndProject
Project("{8BC9CEB8-8B4A-11D0-8D11-00A0C91BC942}") = "HLSL", "hlsl\HLSL.vcxproj", "{174957C9-BD01-3AFC-B7CD-79DC4024D400}"
	ProjectSection(ProjectDependencies) = postProject
		{72DAFE32-7ABA-365C-AC6E-B6EA8C52F3BE} = {72DAFE32-7ABA-365C-AC6E-B6EA8C52F3BE}
	EndProjectSection
EndProject
Project("{8BC9CEB8-8B4A-11D0-8D11-00A0C91BC942}") = "INSTALL", "INSTALL.vcxproj", "{74A07BA2-CE5C-3973-8C3F-CBDAC0E9E90B}"
	ProjectSection(ProjectDependencies) = postProject
		{FD6B514E-5B3E-3599-BA98-59925A41A9FB} = {FD6B514E-5B3E-3599-BA98-59925A41A9FB}
		{72DAFE32-7ABA-365C-AC6E-B6EA8C52F3BE} = {72DAFE32-7ABA-365C-AC6E-B6EA8C52F3BE}
	EndProjectSection
EndProject
Project("{8BC9CEB8-8B4A-11D0-8D11-00A0C91BC942}") = "Nightly", "Nightly.vcxproj", "{C09004C2-A7F0-37D1-B906-9A4BE9752828}"
	ProjectSection(ProjectDependencies) = postProject
		{72DAFE32-7ABA-365C-AC6E-B6EA8C52F3BE} = {72DAFE32-7ABA-365C-AC6E-B6EA8C52F3BE}
	EndProjectSection
EndProject
Project("{8BC9CEB8-8B4A-11D0-8D11-00A0C91BC942}") = "NightlyMemoryCheck", "NightlyMemoryCheck.vcxproj", "{DE586BC8-5D89-3041-BDB7-0A3EB767F545}"
	ProjectSection(ProjectDependencies) = postProject
		{72DAFE32-7ABA-365C-AC6E-B6EA8C52F3BE} = {72DAFE32-7ABA-365C-AC6E-B6EA8C52F3BE}
	EndProjectSection
EndProject
Project("{8BC9CEB8-8B4A-11D0-8D11-00A0C91BC942}") = "OGLCompiler", "OGLCompilersDLL\OGLCompiler.vcxproj", "{162E6B30-2A1F-3C13-96AD-7CD6E071A513}"
	ProjectSection(ProjectDependencies) = postProject
		{72DAFE32-7ABA-365C-AC6E-B6EA8C52F3BE} = {72DAFE32-7ABA-365C-AC6E-B6EA8C52F3BE}
	EndProjectSection
EndProject
Project("{8BC9CEB8-8B4A-11D0-8D11-00A0C91BC942}") = "OSDependent", "glslang\OSDependent\Windows\OSDependent.vcxproj", "{34D475C9-423C-3259-A2DB-9DF84D718CEB}"
	ProjectSection(ProjectDependencies) = postProject
		{72DAFE32-7ABA-365C-AC6E-B6EA8C52F3BE} = {72DAFE32-7ABA-365C-AC6E-B6EA8C52F3BE}
	EndProjectSection
EndProject
Project("{8BC9CEB8-8B4A-11D0-8D11-00A0C91BC942}") = "RUN_TESTS", "RUN_TESTS.vcxproj", "{BD574CBE-7429-3306-A80A-5ADA3C26EB9F}"
	ProjectSection(ProjectDependencies) = postProject
		{72DAFE32-7ABA-365C-AC6E-B6EA8C52F3BE} = {72DAFE32-7ABA-365C-AC6E-B6EA8C52F3BE}
	EndProjectSection
EndProject
Project("{8BC9CEB8-8B4A-11D0-8D11-00A0C91BC942}") = "SPIRV", "SPIRV\SPIRV.vcxproj", "{B67225FB-1ED7-3EA1-8B9B-40AB5150A8DD}"
	ProjectSection(ProjectDependencies) = postProject
		{174957C9-BD01-3AFC-B7CD-79DC4024D400} = {174957C9-BD01-3AFC-B7CD-79DC4024D400}
		{162E6B30-2A1F-3C13-96AD-7CD6E071A513} = {162E6B30-2A1F-3C13-96AD-7CD6E071A513}
		{34D475C9-423C-3259-A2DB-9DF84D718CEB} = {34D475C9-423C-3259-A2DB-9DF84D718CEB}
		{72DAFE32-7ABA-365C-AC6E-B6EA8C52F3BE} = {72DAFE32-7ABA-365C-AC6E-B6EA8C52F3BE}
		{BFEADE24-0F70-366C-8CEC-03AE87998EF6} = {BFEADE24-0F70-366C-8CEC-03AE87998EF6}
	EndProjectSection
EndProject
Project("{8BC9CEB8-8B4A-11D0-8D11-00A0C91BC942}") = "SPVRemapper", "SPIRV\SPVRemapper.vcxproj", "{1F44BF95-B934-39B3-8AFC-EF81800D7446}"
	ProjectSection(ProjectDependencies) = postProject
		{72DAFE32-7ABA-365C-AC6E-B6EA8C52F3BE} = {72DAFE32-7ABA-365C-AC6E-B6EA8C52F3BE}
	EndProjectSection
EndProject
Project("{8BC9CEB8-8B4A-11D0-8D11-00A0C91BC942}") = "ZERO_CHECK", "ZERO_CHECK.vcxproj", "{72DAFE32-7ABA-365C-AC6E-B6EA8C52F3BE}"
	ProjectSection(ProjectDependencies) = postProject
	EndProjectSection
EndProject
Project("{8BC9CEB8-8B4A-11D0-8D11-00A0C91BC942}") = "glslang", "glslang\glslang.vcxproj", "{BFEADE24-0F70-366C-8CEC-03AE87998EF6}"
	ProjectSection(ProjectDependencies) = postProject
		{174957C9-BD01-3AFC-B7CD-79DC4024D400} = {174957C9-BD01-3AFC-B7CD-79DC4024D400}
		{162E6B30-2A1F-3C13-96AD-7CD6E071A513} = {162E6B30-2A1F-3C13-96AD-7CD6E071A513}
		{34D475C9-423C-3259-A2DB-9DF84D718CEB} = {34D475C9-423C-3259-A2DB-9DF84D718CEB}
		{72DAFE32-7ABA-365C-AC6E-B6EA8C52F3BE} = {72DAFE32-7ABA-365C-AC6E-B6EA8C52F3BE}
	EndProjectSection
EndProject
Project("{8BC9CEB8-8B4A-11D0-8D11-00A0C91BC942}") = "glslang-default-resource-limits", "StandAlone\glslang-default-resource-limits.vcxproj", "{1624C40E-12ED-3C9C-993B-887C6819AECB}"
	ProjectSection(ProjectDependencies) = postProject
		{72DAFE32-7ABA-365C-AC6E-B6EA8C52F3BE} = {72DAFE32-7ABA-365C-AC6E-B6EA8C52F3BE}
	EndProjectSection
EndProject
Project("{8BC9CEB8-8B4A-11D0-8D11-00A0C91BC942}") = "glslangValidator", "StandAlone\glslangValidator.vcxproj", "{02927F3F-10A8-30C2-89F2-94528383C042}"
	ProjectSection(ProjectDependencies) = postProject
		{174957C9-BD01-3AFC-B7CD-79DC4024D400} = {174957C9-BD01-3AFC-B7CD-79DC4024D400}
		{162E6B30-2A1F-3C13-96AD-7CD6E071A513} = {162E6B30-2A1F-3C13-96AD-7CD6E071A513}
		{34D475C9-423C-3259-A2DB-9DF84D718CEB} = {34D475C9-423C-3259-A2DB-9DF84D718CEB}
		{B67225FB-1ED7-3EA1-8B9B-40AB5150A8DD} = {B67225FB-1ED7-3EA1-8B9B-40AB5150A8DD}
		{1F44BF95-B934-39B3-8AFC-EF81800D7446} = {1F44BF95-B934-39B3-8AFC-EF81800D7446}
		{72DAFE32-7ABA-365C-AC6E-B6EA8C52F3BE} = {72DAFE32-7ABA-365C-AC6E-B6EA8C52F3BE}
		{BFEADE24-0F70-366C-8CEC-03AE87998EF6} = {BFEADE24-0F70-366C-8CEC-03AE87998EF6}
		{1624C40E-12ED-3C9C-993B-887C6819AECB} = {1624C40E-12ED-3C9C-993B-887C6819AECB}
	EndProjectSection
EndProject
Project("{8BC9CEB8-8B4A-11D0-8D11-00A0C91BC942}") = "spirv-remap", "StandAlone\spirv-remap.vcxproj", "{5526892F-3E4C-31DE-B911-E3B3FEF5C4E4}"
	ProjectSection(ProjectDependencies) = postProject
		{174957C9-BD01-3AFC-B7CD-79DC4024D400} = {174957C9-BD01-3AFC-B7CD-79DC4024D400}
		{162E6B30-2A1F-3C13-96AD-7CD6E071A513} = {162E6B30-2A1F-3C13-96AD-7CD6E071A513}
		{34D475C9-423C-3259-A2DB-9DF84D718CEB} = {34D475C9-423C-3259-A2DB-9DF84D718CEB}
		{B67225FB-1ED7-3EA1-8B9B-40AB5150A8DD} = {B67225FB-1ED7-3EA1-8B9B-40AB5150A8DD}
		{1F44BF95-B934-39B3-8AFC-EF81800D7446} = {1F44BF95-B934-39B3-8AFC-EF81800D7446}
		{72DAFE32-7ABA-365C-AC6E-B6EA8C52F3BE} = {72DAFE32-7ABA-365C-AC6E-B6EA8C52F3BE}
		{BFEADE24-0F70-366C-8CEC-03AE87998EF6} = {BFEADE24-0F70-366C-8CEC-03AE87998EF6}
		{1624C40E-12ED-3C9C-993B-887C6819AECB} = {1624C40E-12ED-3C9C-993B-887C6819AECB}
	EndProjectSection
EndProject
Global
	GlobalSection(SolutionConfigurationPlatforms) = preSolution
		Debug|Win32 = Debug|Win32
		Release|Win32 = Release|Win32
		MinSizeRel|Win32 = MinSizeRel|Win32
		RelWithDebInfo|Win32 = RelWithDebInfo|Win32
	EndGlobalSection
	GlobalSection(ProjectConfigurationPlatforms) = postSolution
		{FD6B514E-5B3E-3599-BA98-59925A41A9FB}.Debug|Win32.ActiveCfg = Debug|Win32
		{FD6B514E-5B3E-3599-BA98-59925A41A9FB}.Debug|Win32.Build.0 = Debug|Win32
		{FD6B514E-5B3E-3599-BA98-59925A41A9FB}.Release|Win32.ActiveCfg = Release|Win32
		{FD6B514E-5B3E-3599-BA98-59925A41A9FB}.Release|Win32.Build.0 = Release|Win32
		{FD6B514E-5B3E-3599-BA98-59925A41A9FB}.MinSizeRel|Win32.ActiveCfg = MinSizeRel|Win32
		{FD6B514E-5B3E-3599-BA98-59925A41A9FB}.MinSizeRel|Win32.Build.0 = MinSizeRel|Win32
		{FD6B514E-5B3E-3599-BA98-59925A41A9FB}.RelWithDebInfo|Win32.ActiveCfg = RelWithDebInfo|Win32
		{FD6B514E-5B3E-3599-BA98-59925A41A9FB}.RelWithDebInfo|Win32.Build.0 = RelWithDebInfo|Win32
		{AE27B690-254E-336D-98CE-88E4964ED262}.Debug|Win32.ActiveCfg = Debug|Win32
		{AE27B690-254E-336D-98CE-88E4964ED262}.Release|Win32.ActiveCfg = Release|Win32
		{AE27B690-254E-336D-98CE-88E4964ED262}.MinSizeRel|Win32.ActiveCfg = MinSizeRel|Win32
		{AE27B690-254E-336D-98CE-88E4964ED262}.RelWithDebInfo|Win32.ActiveCfg = RelWithDebInfo|Win32
		{3CBA9C05-7565-30DB-ADFA-165D71BF06BD}.Debug|Win32.ActiveCfg = Debug|Win32
		{3CBA9C05-7565-30DB-ADFA-165D71BF06BD}.Release|Win32.ActiveCfg = Release|Win32
		{3CBA9C05-7565-30DB-ADFA-165D71BF06BD}.MinSizeRel|Win32.ActiveCfg = MinSizeRel|Win32
		{3CBA9C05-7565-30DB-ADFA-165D71BF06BD}.RelWithDebInfo|Win32.ActiveCfg = RelWithDebInfo|Win32
		{174957C9-BD01-3AFC-B7CD-79DC4024D400}.Debug|Win32.ActiveCfg = Debug|Win32
		{174957C9-BD01-3AFC-B7CD-79DC4024D400}.Debug|Win32.Build.0 = Debug|Win32
		{174957C9-BD01-3AFC-B7CD-79DC4024D400}.Release|Win32.ActiveCfg = Release|Win32
		{174957C9-BD01-3AFC-B7CD-79DC4024D400}.Release|Win32.Build.0 = Release|Win32
		{174957C9-BD01-3AFC-B7CD-79DC4024D400}.MinSizeRel|Win32.ActiveCfg = MinSizeRel|Win32
		{174957C9-BD01-3AFC-B7CD-79DC4024D400}.MinSizeRel|Win32.Build.0 = MinSizeRel|Win32
		{174957C9-BD01-3AFC-B7CD-79DC4024D400}.RelWithDebInfo|Win32.ActiveCfg = RelWithDebInfo|Win32
		{174957C9-BD01-3AFC-B7CD-79DC4024D400}.RelWithDebInfo|Win32.Build.0 = RelWithDebInfo|Win32
		{74A07BA2-CE5C-3973-8C3F-CBDAC0E9E90B}.Debug|Win32.ActiveCfg = Debug|Win32
		{74A07BA2-CE5C-3973-8C3F-CBDAC0E9E90B}.Release|Win32.ActiveCfg = Release|Win32
		{74A07BA2-CE5C-3973-8C3F-CBDAC0E9E90B}.MinSizeRel|Win32.ActiveCfg = MinSizeRel|Win32
		{74A07BA2-CE5C-3973-8C3F-CBDAC0E9E90B}.RelWithDebInfo|Win32.ActiveCfg = RelWithDebInfo|Win32
		{C09004C2-A7F0-37D1-B906-9A4BE9752828}.Debug|Win32.ActiveCfg = Debug|Win32
		{C09004C2-A7F0-37D1-B906-9A4BE9752828}.Release|Win32.ActiveCfg = Release|Win32
		{C09004C2-A7F0-37D1-B906-9A4BE9752828}.MinSizeRel|Win32.ActiveCfg = MinSizeRel|Win32
		{C09004C2-A7F0-37D1-B906-9A4BE9752828}.RelWithDebInfo|Win32.ActiveCfg = RelWithDebInfo|Win32
		{DE586BC8-5D89-3041-BDB7-0A3EB767F545}.Debug|Win32.ActiveCfg = Debug|Win32
		{DE586BC8-5D89-3041-BDB7-0A3EB767F545}.Release|Win32.ActiveCfg = Release|Win32
		{DE586BC8-5D89-3041-BDB7-0A3EB767F545}.MinSizeRel|Win32.ActiveCfg = MinSizeRel|Win32
		{DE586BC8-5D89-3041-BDB7-0A3EB767F545}.RelWithDebInfo|Win32.ActiveCfg = RelWithDebInfo|Win32
		{162E6B30-2A1F-3C13-96AD-7CD6E071A513}.Debug|Win32.ActiveCfg = Debug|Win32
		{162E6B30-2A1F-3C13-96AD-7CD6E071A513}.Debug|Win32.Build.0 = Debug|Win32
		{162E6B30-2A1F-3C13-96AD-7CD6E071A513}.Release|Win32.ActiveCfg = Release|Win32
		{162E6B30-2A1F-3C13-96AD-7CD6E071A513}.Release|Win32.Build.0 = Release|Win32
		{162E6B30-2A1F-3C13-96AD-7CD6E071A513}.MinSizeRel|Win32.ActiveCfg = MinSizeRel|Win32
		{162E6B30-2A1F-3C13-96AD-7CD6E071A513}.MinSizeRel|Win32.Build.0 = MinSizeRel|Win32
		{162E6B30-2A1F-3C13-96AD-7CD6E071A513}.RelWithDebInfo|Win32.ActiveCfg = RelWithDebInfo|Win32
		{162E6B30-2A1F-3C13-96AD-7CD6E071A513}.RelWithDebInfo|Win32.Build.0 = RelWithDebInfo|Win32
		{34D475C9-423C-3259-A2DB-9DF84D718CEB}.Debug|Win32.ActiveCfg = Debug|Win32
		{34D475C9-423C-3259-A2DB-9DF84D718CEB}.Debug|Win32.Build.0 = Debug|Win32
		{34D475C9-423C-3259-A2DB-9DF84D718CEB}.Release|Win32.ActiveCfg = Release|Win32
		{34D475C9-423C-3259-A2DB-9DF84D718CEB}.Release|Win32.Build.0 = Release|Win32
		{34D475C9-423C-3259-A2DB-9DF84D718CEB}.MinSizeRel|Win32.ActiveCfg = MinSizeRel|Win32
		{34D475C9-423C-3259-A2DB-9DF84D718CEB}.MinSizeRel|Win32.Build.0 = MinSizeRel|Win32
		{34D475C9-423C-3259-A2DB-9DF84D718CEB}.RelWithDebInfo|Win32.ActiveCfg = RelWithDebInfo|Win32
		{34D475C9-423C-3259-A2DB-9DF84D718CEB}.RelWithDebInfo|Win32.Build.0 = RelWithDebInfo|Win32
		{BD574CBE-7429-3306-A80A-5ADA3C26EB9F}.Debug|Win32.ActiveCfg = Debug|Win32
		{BD574CBE-7429-3306-A80A-5ADA3C26EB9F}.Release|Win32.ActiveCfg = Release|Win32
		{BD574CBE-7429-3306-A80A-5ADA3C26EB9F}.MinSizeRel|Win32.ActiveCfg = MinSizeRel|Win32
		{BD574CBE-7429-3306-A80A-5ADA3C26EB9F}.RelWithDebInfo|Win32.ActiveCfg = RelWithDebInfo|Win32
		{B67225FB-1ED7-3EA1-8B9B-40AB5150A8DD}.Debug|Win32.ActiveCfg = Debug|Win32
		{B67225FB-1ED7-3EA1-8B9B-40AB5150A8DD}.Debug|Win32.Build.0 = Debug|Win32
		{B67225FB-1ED7-3EA1-8B9B-40AB5150A8DD}.Release|Win32.ActiveCfg = Release|Win32
		{B67225FB-1ED7-3EA1-8B9B-40AB5150A8DD}.Release|Win32.Build.0 = Release|Win32
		{B67225FB-1ED7-3EA1-8B9B-40AB5150A8DD}.MinSizeRel|Win32.ActiveCfg = MinSizeRel|Win32
		{B67225FB-1ED7-3EA1-8B9B-40AB5150A8DD}.MinSizeRel|Win32.Build.0 = MinSizeRel|Win32
		{B67225FB-1ED7-3EA1-8B9B-40AB5150A8DD}.RelWithDebInfo|Win32.ActiveCfg = RelWithDebInfo|Win32
		{B67225FB-1ED7-3EA1-8B9B-40AB5150A8DD}.RelWithDebInfo|Win32.Build.0 = RelWithDebInfo|Win32
		{1F44BF95-B934-39B3-8AFC-EF81800D7446}.Debug|Win32.ActiveCfg = Debug|Win32
		{1F44BF95-B934-39B3-8AFC-EF81800D7446}.Debug|Win32.Build.0 = Debug|Win32
		{1F44BF95-B934-39B3-8AFC-EF81800D7446}.Release|Win32.ActiveCfg = Release|Win32
		{1F44BF95-B934-39B3-8AFC-EF81800D7446}.Release|Win32.Build.0 = Release|Win32
		{1F44BF95-B934-39B3-8AFC-EF81800D7446}.MinSizeRel|Win32.ActiveCfg = MinSizeRel|Win32
		{1F44BF95-B934-39B3-8AFC-EF81800D7446}.MinSizeRel|Win32.Build.0 = MinSizeRel|Win32
		{1F44BF95-B934-39B3-8AFC-EF81800D7446}.RelWithDebInfo|Win32.ActiveCfg = RelWithDebInfo|Win32
		{1F44BF95-B934-39B3-8AFC-EF81800D7446}.RelWithDebInfo|Win32.Build.0 = RelWithDebInfo|Win32
		{72DAFE32-7ABA-365C-AC6E-B6EA8C52F3BE}.Debug|Win32.ActiveCfg = Debug|Win32
		{72DAFE32-7ABA-365C-AC6E-B6EA8C52F3BE}.Debug|Win32.Build.0 = Debug|Win32
		{72DAFE32-7ABA-365C-AC6E-B6EA8C52F3BE}.Release|Win32.ActiveCfg = Release|Win32
		{72DAFE32-7ABA-365C-AC6E-B6EA8C52F3BE}.Release|Win32.Build.0 = Release|Win32
		{72DAFE32-7ABA-365C-AC6E-B6EA8C52F3BE}.MinSizeRel|Win32.ActiveCfg = MinSizeRel|Win32
		{72DAFE32-7ABA-365C-AC6E-B6EA8C52F3BE}.MinSizeRel|Win32.Build.0 = MinSizeRel|Win32
		{72DAFE32-7ABA-365C-AC6E-B6EA8C52F3BE}.RelWithDebInfo|Win32.ActiveCfg = RelWithDebInfo|Win32
		{72DAFE32-7ABA-365C-AC6E-B6EA8C52F3BE}.RelWithDebInfo|Win32.Build.0 = RelWithDebInfo|Win32
		{BFEADE24-0F70-366C-8CEC-03AE87998EF6}.Debug|Win32.ActiveCfg = Debug|Win32
		{BFEADE24-0F70-366C-8CEC-03AE87998EF6}.Debug|Win32.Build.0 = Debug|Win32
		{BFEADE24-0F70-366C-8CEC-03AE87998EF6}.Release|Win32.ActiveCfg = Release|Win32
		{BFEADE24-0F70-366C-8CEC-03AE87998EF6}.Release|Win32.Build.0 = Release|Win32
		{BFEADE24-0F70-366C-8CEC-03AE87998EF6}.MinSizeRel|Win32.ActiveCfg = MinSizeRel|Win32
		{BFEADE24-0F70-366C-8CEC-03AE87998EF6}.MinSizeRel|Win32.Build.0 = MinSizeRel|Win32
		{BFEADE24-0F70-366C-8CEC-03AE87998EF6}.RelWithDebInfo|Win32.ActiveCfg = RelWithDebInfo|Win32
		{BFEADE24-0F70-366C-8CEC-03AE87998EF6}.RelWithDebInfo|Win32.Build.0 = RelWithDebInfo|Win32
		{1624C40E-12ED-3C9C-993B-887C6819AECB}.Debug|Win32.ActiveCfg = Debug|Win32
		{1624C40E-12ED-3C9C-993B-887C6819AECB}.Debug|Win32.Build.0 = Debug|Win32
		{1624C40E-12ED-3C9C-993B-887C6819AECB}.Release|Win32.ActiveCfg = Release|Win32
		{1624C40E-12ED-3C9C-993B-887C6819AECB}.Release|Win32.Build.0 = Release|Win32
		{1624C40E-12ED-3C9C-993B-887C6819AECB}.MinSizeRel|Win32.ActiveCfg = MinSizeRel|Win32
		{1624C40E-12ED-3C9C-993B-887C6819AECB}.MinSizeRel|Win32.Build.0 = MinSizeRel|Win32
		{1624C40E-12ED-3C9C-993B-887C6819AECB}.RelWithDebInfo|Win32.ActiveCfg = RelWithDebInfo|Win32
		{1624C40E-12ED-3C9C-993B-887C6819AECB}.RelWithDebInfo|Win32.Build.0 = RelWithDebInfo|Win32
		{02927F3F-10A8-30C2-89F2-94528383C042}.Debug|Win32.ActiveCfg = Debug|Win32
		{02927F3F-10A8-30C2-89F2-94528383C042}.Debug|Win32.Build.0 = Debug|Win32
		{02927F3F-10A8-30C2-89F2-94528383C042}.Release|Win32.ActiveCfg = Release|Win32
		{02927F3F-10A8-30C2-89F2-94528383C042}.Release|Win32.Build.0 = Release|Win32
		{02927F3F-10A8-30C2-89F2-94528383C042}.MinSizeRel|Win32.ActiveCfg = MinSizeRel|Win32
		{02927F3F-10A8-30C2-89F2-94528383C042}.MinSizeRel|Win32.Build.0 = MinSizeRel|Win32
		{02927F3F-10A8-30C2-89F2-94528383C042}.RelWithDebInfo|Win32.ActiveCfg = RelWithDebInfo|Win32
		{02927F3F-10A8-30C2-89F2-94528383C042}.RelWithDebInfo|Win32.Build.0 = RelWithDebInfo|Win32
		{5526892F-3E4C-31DE-B911-E3B3FEF5C4E4}.Debug|Win32.ActiveCfg = Debug|Win32
		{5526892F-3E4C-31DE-B911-E3B3FEF5C4E4}.Debug|Win32.Build.0 = Debug|Win32
		{5526892F-3E4C-31DE-B911-E3B3FEF5C4E4}.Release|Win32.ActiveCfg = Release|Win32
		{5526892F-3E4C-31DE-B911-E3B3FEF5C4E4}.Release|Win32.Build.0 = Release|Win32
		{5526892F-3E4C-31DE-B911-E3B3FEF5C4E4}.MinSizeRel|Win32.ActiveCfg = MinSizeRel|Win32
		{5526892F-3E4C-31DE-B911-E3B3FEF5C4E4}.MinSizeRel|Win32.Build.0 = MinSizeRel|Win32
		{5526892F-3E4C-31DE-B911-E3B3FEF5C4E4}.RelWithDebInfo|Win32.ActiveCfg = RelWithDebInfo|Win32
		{5526892F-3E4C-31DE-B911-E3B3FEF5C4E4}.RelWithDebInfo|Win32.Build.0 = RelWithDebInfo|Win32
	EndGlobalSection
	GlobalSection(NestedProjects) = preSolution
		{FD6B514E-5B3E-3599-BA98-59925A41A9FB} = {0EC06D87-DB2A-36C1-826A-BD3291039E62}
		{74A07BA2-CE5C-3973-8C3F-CBDAC0E9E90B} = {0EC06D87-DB2A-36C1-826A-BD3291039E62}
		{BD574CBE-7429-3306-A80A-5ADA3C26EB9F} = {0EC06D87-DB2A-36C1-826A-BD3291039E62}
		{72DAFE32-7ABA-365C-AC6E-B6EA8C52F3BE} = {0EC06D87-DB2A-36C1-826A-BD3291039E62}
		{AE27B690-254E-336D-98CE-88E4964ED262} = {33A820FF-F1E2-3F3F-A8A6-E4B653C6B7EF}
		{3CBA9C05-7565-30DB-ADFA-165D71BF06BD} = {33A820FF-F1E2-3F3F-A8A6-E4B653C6B7EF}
		{C09004C2-A7F0-37D1-B906-9A4BE9752828} = {33A820FF-F1E2-3F3F-A8A6-E4B653C6B7EF}
		{DE586BC8-5D89-3041-BDB7-0A3EB767F545} = {33A820FF-F1E2-3F3F-A8A6-E4B653C6B7EF}
		{162E6B30-2A1F-3C13-96AD-7CD6E071A513} = {F949E258-53A9-30C7-9C7E-D056DC1541C7}
		{34D475C9-423C-3259-A2DB-9DF84D718CEB} = {F949E258-53A9-30C7-9C7E-D056DC1541C7}
		{B67225FB-1ED7-3EA1-8B9B-40AB5150A8DD} = {F949E258-53A9-30C7-9C7E-D056DC1541C7}
		{1F44BF95-B934-39B3-8AFC-EF81800D7446} = {F949E258-53A9-30C7-9C7E-D056DC1541C7}
		{BFEADE24-0F70-366C-8CEC-03AE87998EF6} = {F949E258-53A9-30C7-9C7E-D056DC1541C7}
		{1624C40E-12ED-3C9C-993B-887C6819AECB} = {F949E258-53A9-30C7-9C7E-D056DC1541C7}
		{174957C9-BD01-3AFC-B7CD-79DC4024D400} = {5DEB5E3A-2044-3A20-911F-40FF859329EC}
		{02927F3F-10A8-30C2-89F2-94528383C042} = {F472036C-503A-3052-AA15-0E2BC4430B89}
		{5526892F-3E4C-31DE-B911-E3B3FEF5C4E4} = {F472036C-503A-3052-AA15-0E2BC4430B89}
	EndGlobalSection
	GlobalSection(ExtensibilityGlobals) = postSolution
		SolutionGuid = {38C6D010-F18D-302F-A0DB-96318B986FD7}
	EndGlobalSection
	GlobalSection(ExtensibilityAddIns) = postSolution
	EndGlobalSection
EndGlobal
